
Microsoft Visual Studio Solution File, Format Version 12.00
# Visual Studio Version 17
VisualStudioVersion = 17.9.34622.214
MinimumVisualStudioVersion = 10.0.40219.1
Project("{FAE04EC0-301F-11D3-BF4B-00C04F79EFBC}") = "LifeSimulation", "LifeSimulation\LifeSimulation.csproj", "{B1749436-A094-4011-88FF-B4EE855A5577}"
EndProject
Global
	GlobalSection(SolutionConfigurationPlatforms) = preSolution
		Debug|Any CPU = Debug|Any CPU
		Release|Any CPU = Release|Any CPU
	EndGlobalSection
	GlobalSection(ProjectConfigurationPlatforms) = postSolution
		{B1749436-A094-4011-88FF-B4EE855A5577}.Debug|Any CPU.ActiveCfg = Debug|Any CPU
		{B1749436-A094-4011-88FF-B4EE855A5577}.Debug|Any CPU.Build.0 = Debug|Any CPU
		{B1749436-A094-4011-88FF-B4EE855A5577}.Release|Any CPU.ActiveCfg = Release|Any CPU
		{B1749436-A094-4011-88FF-B4EE855A5577}.Release|Any CPU.Build.0 = Release|Any CPU
	EndGlobalSection
	GlobalSection(SolutionProperties) = preSolution
		HideSolutionNode = FALSE
	EndGlobalSection
	GlobalSection(ExtensibilityGlobals) = postSolution
		SolutionGuid = {95C36C3A-D2C1-48DC-A950-B94646DABD75}
	EndGlobalSection
EndGlobal
